
Microsoft Visual Studio Solution File, Format Version 11.00
# Visual C# Express 2010
Project("{FAE04EC0-301F-11D3-BF4B-00C04F79EFBC}") = "King of Thieves", "King of Thieves\King of Thieves.csproj", "{60FDD863-9CE1-49F7-8FFA-404B703E86AC}"
EndProject
Project("{FAE04EC0-301F-11D3-BF4B-00C04F79EFBC}") = "GearsVGE", "gearsvge\GearsVGE\GearsVGE.csproj", "{767CE38D-0AA7-47AD-AE9E-5F81A85455A0}"
EndProject
Project("{FAE04EC0-301F-11D3-BF4B-00C04F79EFBC}") = "King of ThievesContent", "King of ThievesContent\King of ThievesContent\King of ThievesContent.csproj", "{D80E02BD-5FA5-4E48-B7E4-AF20F22B7339}"
EndProject
Project("{96E2B04D-8817-42C6-938A-82C39BA4D311}") = "King of ThievesContentContent", "King of ThievesContent\King of ThievesContentContent\King of ThievesContentContent.contentproj", "{F7BE39D0-7A8D-4AD5-B976-C85AE5163CC7}"
EndProject
Global
	GlobalSection(SolutionConfigurationPlatforms) = preSolution
		Android|Any CPU = Android|Any CPU
		Android|Mixed Platforms = Android|Mixed Platforms
		Android|x86 = Android|x86
		Debug|Any CPU = Debug|Any CPU
		Debug|Mixed Platforms = Debug|Mixed Platforms
		Debug|x86 = Debug|x86
		iOS|Any CPU = iOS|Any CPU
		iOS|Mixed Platforms = iOS|Mixed Platforms
		iOS|x86 = iOS|x86
		Linux|Any CPU = Linux|Any CPU
		Linux|Mixed Platforms = Linux|Mixed Platforms
		Linux|x86 = Linux|x86
		OSX|Any CPU = OSX|Any CPU
		OSX|Mixed Platforms = OSX|Mixed Platforms
		OSX|x86 = OSX|x86
		PSM|Any CPU = PSM|Any CPU
		PSM|Mixed Platforms = PSM|Mixed Platforms
		PSM|x86 = PSM|x86
		Release|Any CPU = Release|Any CPU
		Release|Mixed Platforms = Release|Mixed Platforms
		Release|x86 = Release|x86
		Windows|Any CPU = Windows|Any CPU
		Windows|Mixed Platforms = Windows|Mixed Platforms
		Windows|x86 = Windows|x86
		Windows8|Any CPU = Windows8|Any CPU
		Windows8|Mixed Platforms = Windows8|Mixed Platforms
		Windows8|x86 = Windows8|x86
	EndGlobalSection
	GlobalSection(ProjectConfigurationPlatforms) = postSolution
		{60FDD863-9CE1-49F7-8FFA-404B703E86AC}.Android|Any CPU.ActiveCfg = Release|x86
		{60FDD863-9CE1-49F7-8FFA-404B703E86AC}.Android|Mixed Platforms.ActiveCfg = Release|x86
		{60FDD863-9CE1-49F7-8FFA-404B703E86AC}.Android|Mixed Platforms.Build.0 = Release|x86
		{60FDD863-9CE1-49F7-8FFA-404B703E86AC}.Android|x86.ActiveCfg = Release|x86
		{60FDD863-9CE1-49F7-8FFA-404B703E86AC}.Android|x86.Build.0 = Release|x86
		{60FDD863-9CE1-49F7-8FFA-404B703E86AC}.Debug|Any CPU.ActiveCfg = Debug|x86
		{60FDD863-9CE1-49F7-8FFA-404B703E86AC}.Debug|Mixed Platforms.ActiveCfg = Debug|x86
		{60FDD863-9CE1-49F7-8FFA-404B703E86AC}.Debug|Mixed Platforms.Build.0 = Debug|x86
		{60FDD863-9CE1-49F7-8FFA-404B703E86AC}.Debug|x86.ActiveCfg = Debug|x86
		{60FDD863-9CE1-49F7-8FFA-404B703E86AC}.Debug|x86.Build.0 = Debug|x86
		{60FDD863-9CE1-49F7-8FFA-404B703E86AC}.iOS|Any CPU.ActiveCfg = Release|x86
		{60FDD863-9CE1-49F7-8FFA-404B703E86AC}.iOS|Mixed Platforms.ActiveCfg = Release|x86
		{60FDD863-9CE1-49F7-8FFA-404B703E86AC}.iOS|Mixed Platforms.Build.0 = Release|x86
		{60FDD863-9CE1-49F7-8FFA-404B703E86AC}.iOS|x86.ActiveCfg = Release|x86
		{60FDD863-9CE1-49F7-8FFA-404B703E86AC}.iOS|x86.Build.0 = Release|x86
		{60FDD863-9CE1-49F7-8FFA-404B703E86AC}.Linux|Any CPU.ActiveCfg = Release|x86
		{60FDD863-9CE1-49F7-8FFA-404B703E86AC}.Linux|Mixed Platforms.ActiveCfg = Release|x86
		{60FDD863-9CE1-49F7-8FFA-404B703E86AC}.Linux|Mixed Platforms.Build.0 = Release|x86
		{60FDD863-9CE1-49F7-8FFA-404B703E86AC}.Linux|x86.ActiveCfg = Release|x86
		{60FDD863-9CE1-49F7-8FFA-404B703E86AC}.Linux|x86.Build.0 = Release|x86
		{60FDD863-9CE1-49F7-8FFA-404B703E86AC}.OSX|Any CPU.ActiveCfg = Release|x86
		{60FDD863-9CE1-49F7-8FFA-404B703E86AC}.OSX|Mixed Platforms.ActiveCfg = Release|x86
		{60FDD863-9CE1-49F7-8FFA-404B703E86AC}.OSX|Mixed Platforms.Build.0 = Release|x86
		{60FDD863-9CE1-49F7-8FFA-404B703E86AC}.OSX|x86.ActiveCfg = Release|x86
		{60FDD863-9CE1-49F7-8FFA-404B703E86AC}.OSX|x86.Build.0 = Release|x86
		{60FDD863-9CE1-49F7-8FFA-404B703E86AC}.PSM|Any CPU.ActiveCfg = Release|x86
		{60FDD863-9CE1-49F7-8FFA-404B703E86AC}.PSM|Mixed Platforms.ActiveCfg = Release|x86
		{60FDD863-9CE1-49F7-8FFA-404B703E86AC}.PSM|Mixed Platforms.Build.0 = Release|x86
		{60FDD863-9CE1-49F7-8FFA-404B703E86AC}.PSM|x86.ActiveCfg = Release|x86
		{60FDD863-9CE1-49F7-8FFA-404B703E86AC}.PSM|x86.Build.0 = Release|x86
		{60FDD863-9CE1-49F7-8FFA-404B703E86AC}.Release|Any CPU.ActiveCfg = Release|x86
		{60FDD863-9CE1-49F7-8FFA-404B703E86AC}.Release|Mixed Platforms.ActiveCfg = Release|x86
		{60FDD863-9CE1-49F7-8FFA-404B703E86AC}.Release|Mixed Platforms.Build.0 = Release|x86
		{60FDD863-9CE1-49F7-8FFA-404B703E86AC}.Release|x86.ActiveCfg = Release|x86
		{60FDD863-9CE1-49F7-8FFA-404B703E86AC}.Release|x86.Build.0 = Release|x86
		{60FDD863-9CE1-49F7-8FFA-404B703E86AC}.Windows|Any CPU.ActiveCfg = Release|x86
		{60FDD863-9CE1-49F7-8FFA-404B703E86AC}.Windows|Mixed Platforms.ActiveCfg = Release|x86
		{60FDD863-9CE1-49F7-8FFA-404B703E86AC}.Windows|Mixed Platforms.Build.0 = Release|x86
		{60FDD863-9CE1-49F7-8FFA-404B703E86AC}.Windows|x86.ActiveCfg = Release|x86
		{60FDD863-9CE1-49F7-8FFA-404B703E86AC}.Windows|x86.Build.0 = Release|x86
		{60FDD863-9CE1-49F7-8FFA-404B703E86AC}.Windows8|Any CPU.ActiveCfg = Release|x86
		{60FDD863-9CE1-49F7-8FFA-404B703E86AC}.Windows8|Mixed Platforms.ActiveCfg = Release|x86
		{60FDD863-9CE1-49F7-8FFA-404B703E86AC}.Windows8|Mixed Platforms.Build.0 = Release|x86
		{60FDD863-9CE1-49F7-8FFA-404B703E86AC}.Windows8|x86.ActiveCfg = Release|x86
		{60FDD863-9CE1-49F7-8FFA-404B703E86AC}.Windows8|x86.Build.0 = Release|x86
		{767CE38D-0AA7-47AD-AE9E-5F81A85455A0}.Android|Any CPU.ActiveCfg = Release|x86
		{767CE38D-0AA7-47AD-AE9E-5F81A85455A0}.Android|Mixed Platforms.ActiveCfg = Release|x86
		{767CE38D-0AA7-47AD-AE9E-5F81A85455A0}.Android|Mixed Platforms.Build.0 = Release|x86
		{767CE38D-0AA7-47AD-AE9E-5F81A85455A0}.Android|x86.ActiveCfg = Release|x86
		{767CE38D-0AA7-47AD-AE9E-5F81A85455A0}.Android|x86.Build.0 = Release|x86
		{767CE38D-0AA7-47AD-AE9E-5F81A85455A0}.Debug|Any CPU.ActiveCfg = Debug|x86
		{767CE38D-0AA7-47AD-AE9E-5F81A85455A0}.Debug|Mixed Platforms.ActiveCfg = Debug|x86
		{767CE38D-0AA7-47AD-AE9E-5F81A85455A0}.Debug|Mixed Platforms.Build.0 = Debug|x86
		{767CE38D-0AA7-47AD-AE9E-5F81A85455A0}.Debug|x86.ActiveCfg = Debug|x86
		{767CE38D-0AA7-47AD-AE9E-5F81A85455A0}.Debug|x86.Build.0 = Debug|x86
		{767CE38D-0AA7-47AD-AE9E-5F81A85455A0}.iOS|Any CPU.ActiveCfg = Release|x86
		{767CE38D-0AA7-47AD-AE9E-5F81A85455A0}.iOS|Mixed Platforms.ActiveCfg = Release|x86
		{767CE38D-0AA7-47AD-AE9E-5F81A85455A0}.iOS|Mixed Platforms.Build.0 = Release|x86
		{767CE38D-0AA7-47AD-AE9E-5F81A85455A0}.iOS|x86.ActiveCfg = Release|x86
		{767CE38D-0AA7-47AD-AE9E-5F81A85455A0}.iOS|x86.Build.0 = Release|x86
		{767CE38D-0AA7-47AD-AE9E-5F81A85455A0}.Linux|Any CPU.ActiveCfg = Release|x86
		{767CE38D-0AA7-47AD-AE9E-5F81A85455A0}.Linux|Mixed Platforms.ActiveCfg = Release|x86
		{767CE38D-0AA7-47AD-AE9E-5F81A85455A0}.Linux|Mixed Platforms.Build.0 = Release|x86
		{767CE38D-0AA7-47AD-AE9E-5F81A85455A0}.Linux|x86.ActiveCfg = Release|x86
		{767CE38D-0AA7-47AD-AE9E-5F81A85455A0}.Linux|x86.Build.0 = Release|x86
		{767CE38D-0AA7-47AD-AE9E-5F81A85455A0}.OSX|Any CPU.ActiveCfg = Release|x86
		{767CE38D-0AA7-47AD-AE9E-5F81A85455A0}.OSX|Mixed Platforms.ActiveCfg = Release|x86
		{767CE38D-0AA7-47AD-AE9E-5F81A85455A0}.OSX|Mixed Platforms.Build.0 = Release|x86
		{767CE38D-0AA7-47AD-AE9E-5F81A85455A0}.OSX|x86.ActiveCfg = Release|x86
		{767CE38D-0AA7-47AD-AE9E-5F81A85455A0}.OSX|x86.Build.0 = Release|x86
		{767CE38D-0AA7-47AD-AE9E-5F81A85455A0}.PSM|Any CPU.ActiveCfg = Release|x86
		{767CE38D-0AA7-47AD-AE9E-5F81A85455A0}.PSM|Mixed Platforms.ActiveCfg = Release|x86
		{767CE38D-0AA7-47AD-AE9E-5F81A85455A0}.PSM|Mixed Platforms.Build.0 = Release|x86
		{767CE38D-0AA7-47AD-AE9E-5F81A85455A0}.PSM|x86.ActiveCfg = Release|x86
		{767CE38D-0AA7-47AD-AE9E-5F81A85455A0}.PSM|x86.Build.0 = Release|x86
		{767CE38D-0AA7-47AD-AE9E-5F81A85455A0}.Release|Any CPU.ActiveCfg = Release|x86
		{767CE38D-0AA7-47AD-AE9E-5F81A85455A0}.Release|Mixed Platforms.ActiveCfg = Release|x86
		{767CE38D-0AA7-47AD-AE9E-5F81A85455A0}.Release|Mixed Platforms.Build.0 = Release|x86
		{767CE38D-0AA7-47AD-AE9E-5F81A85455A0}.Release|x86.ActiveCfg = Release|x86
		{767CE38D-0AA7-47AD-AE9E-5F81A85455A0}.Release|x86.Build.0 = Release|x86
		{767CE38D-0AA7-47AD-AE9E-5F81A85455A0}.Windows|Any CPU.ActiveCfg = Release|x86
		{767CE38D-0AA7-47AD-AE9E-5F81A85455A0}.Windows|Mixed Platforms.ActiveCfg = Release|x86
		{767CE38D-0AA7-47AD-AE9E-5F81A85455A0}.Windows|Mixed Platforms.Build.0 = Release|x86
		{767CE38D-0AA7-47AD-AE9E-5F81A85455A0}.Windows|x86.ActiveCfg = Release|x86
		{767CE38D-0AA7-47AD-AE9E-5F81A85455A0}.Windows|x86.Build.0 = Release|x86
		{767CE38D-0AA7-47AD-AE9E-5F81A85455A0}.Windows8|Any CPU.ActiveCfg = Release|x86
		{767CE38D-0AA7-47AD-AE9E-5F81A85455A0}.Windows8|Mixed Platforms.ActiveCfg = Release|x86
		{767CE38D-0AA7-47AD-AE9E-5F81A85455A0}.Windows8|Mixed Platforms.Build.0 = Release|x86
		{767CE38D-0AA7-47AD-AE9E-5F81A85455A0}.Windows8|x86.ActiveCfg = Release|x86
		{767CE38D-0AA7-47AD-AE9E-5F81A85455A0}.Windows8|x86.Build.0 = Release|x86
		{D80E02BD-5FA5-4E48-B7E4-AF20F22B7339}.Android|Any CPU.ActiveCfg = Android|Any CPU
		{D80E02BD-5FA5-4E48-B7E4-AF20F22B7339}.Android|Any CPU.Build.0 = Android|Any CPU
		{D80E02BD-5FA5-4E48-B7E4-AF20F22B7339}.Android|Mixed Platforms.ActiveCfg = Android|Any CPU
		{D80E02BD-5FA5-4E48-B7E4-AF20F22B7339}.Android|Mixed Platforms.Build.0 = Android|Any CPU
		{D80E02BD-5FA5-4E48-B7E4-AF20F22B7339}.Android|x86.ActiveCfg = Android|Any CPU
		{D80E02BD-5FA5-4E48-B7E4-AF20F22B7339}.Debug|Any CPU.ActiveCfg = PSM|Any CPU
		{D80E02BD-5FA5-4E48-B7E4-AF20F22B7339}.Debug|Any CPU.Build.0 = PSM|Any CPU
		{D80E02BD-5FA5-4E48-B7E4-AF20F22B7339}.Debug|Mixed Platforms.ActiveCfg = PSM|Any CPU
		{D80E02BD-5FA5-4E48-B7E4-AF20F22B7339}.Debug|Mixed Platforms.Build.0 = PSM|Any CPU
		{D80E02BD-5FA5-4E48-B7E4-AF20F22B7339}.Debug|x86.ActiveCfg = PSM|Any CPU
		{D80E02BD-5FA5-4E48-B7E4-AF20F22B7339}.iOS|Any CPU.ActiveCfg = iOS|Any CPU
		{D80E02BD-5FA5-4E48-B7E4-AF20F22B7339}.iOS|Any CPU.Build.0 = iOS|Any CPU
		{D80E02BD-5FA5-4E48-B7E4-AF20F22B7339}.iOS|Mixed Platforms.ActiveCfg = iOS|Any CPU
		{D80E02BD-5FA5-4E48-B7E4-AF20F22B7339}.iOS|Mixed Platforms.Build.0 = iOS|Any CPU
		{D80E02BD-5FA5-4E48-B7E4-AF20F22B7339}.iOS|x86.ActiveCfg = iOS|Any CPU
		{D80E02BD-5FA5-4E48-B7E4-AF20F22B7339}.Linux|Any CPU.ActiveCfg = Linux|Any CPU
		{D80E02BD-5FA5-4E48-B7E4-AF20F22B7339}.Linux|Any CPU.Build.0 = Linux|Any CPU
		{D80E02BD-5FA5-4E48-B7E4-AF20F22B7339}.Linux|Mixed Platforms.ActiveCfg = Linux|Any CPU
		{D80E02BD-5FA5-4E48-B7E4-AF20F22B7339}.Linux|Mixed Platforms.Build.0 = Linux|Any CPU
		{D80E02BD-5FA5-4E48-B7E4-AF20F22B7339}.Linux|x86.ActiveCfg = Linux|Any CPU
		{D80E02BD-5FA5-4E48-B7E4-AF20F22B7339}.OSX|Any CPU.ActiveCfg = OSX|Any CPU
		{D80E02BD-5FA5-4E48-B7E4-AF20F22B7339}.OSX|Any CPU.Build.0 = OSX|Any CPU
		{D80E02BD-5FA5-4E48-B7E4-AF20F22B7339}.OSX|Mixed Platforms.ActiveCfg = OSX|Any CPU
		{D80E02BD-5FA5-4E48-B7E4-AF20F22B7339}.OSX|Mixed Platforms.Build.0 = OSX|Any CPU
		{D80E02BD-5FA5-4E48-B7E4-AF20F22B7339}.OSX|x86.ActiveCfg = OSX|Any CPU
		{D80E02BD-5FA5-4E48-B7E4-AF20F22B7339}.PSM|Any CPU.ActiveCfg = PSM|Any CPU
		{D80E02BD-5FA5-4E48-B7E4-AF20F22B7339}.PSM|Any CPU.Build.0 = PSM|Any CPU
		{D80E02BD-5FA5-4E48-B7E4-AF20F22B7339}.PSM|Mixed Platforms.ActiveCfg = PSM|Any CPU
		{D80E02BD-5FA5-4E48-B7E4-AF20F22B7339}.PSM|Mixed Platforms.Build.0 = PSM|Any CPU
		{D80E02BD-5FA5-4E48-B7E4-AF20F22B7339}.PSM|x86.ActiveCfg = PSM|Any CPU
		{D80E02BD-5FA5-4E48-B7E4-AF20F22B7339}.Release|Any CPU.ActiveCfg = PSM|Any CPU
		{D80E02BD-5FA5-4E48-B7E4-AF20F22B7339}.Release|Any CPU.Build.0 = PSM|Any CPU
		{D80E02BD-5FA5-4E48-B7E4-AF20F22B7339}.Release|Mixed Platforms.ActiveCfg = PSM|Any CPU
		{D80E02BD-5FA5-4E48-B7E4-AF20F22B7339}.Release|Mixed Platforms.Build.0 = PSM|Any CPU
		{D80E02BD-5FA5-4E48-B7E4-AF20F22B7339}.Release|x86.ActiveCfg = PSM|Any CPU
		{D80E02BD-5FA5-4E48-B7E4-AF20F22B7339}.Windows|Any CPU.ActiveCfg = Windows|Any CPU
		{D80E02BD-5FA5-4E48-B7E4-AF20F22B7339}.Windows|Any CPU.Build.0 = Windows|Any CPU
		{D80E02BD-5FA5-4E48-B7E4-AF20F22B7339}.Windows|Mixed Platforms.ActiveCfg = Windows|Any CPU
		{D80E02BD-5FA5-4E48-B7E4-AF20F22B7339}.Windows|Mixed Platforms.Build.0 = Windows|Any CPU
		{D80E02BD-5FA5-4E48-B7E4-AF20F22B7339}.Windows|x86.ActiveCfg = Windows|Any CPU
		{D80E02BD-5FA5-4E48-B7E4-AF20F22B7339}.Windows8|Any CPU.ActiveCfg = Windows8|Any CPU
		{D80E02BD-5FA5-4E48-B7E4-AF20F22B7339}.Windows8|Any CPU.Build.0 = Windows8|Any CPU
		{D80E02BD-5FA5-4E48-B7E4-AF20F22B7339}.Windows8|Mixed Platforms.ActiveCfg = Windows8|Any CPU
		{D80E02BD-5FA5-4E48-B7E4-AF20F22B7339}.Windows8|Mixed Platforms.Build.0 = Windows8|Any CPU
		{D80E02BD-5FA5-4E48-B7E4-AF20F22B7339}.Windows8|x86.ActiveCfg = Windows8|Any CPU
		{F7BE39D0-7A8D-4AD5-B976-C85AE5163CC7}.Android|Any CPU.ActiveCfg = Android|Any CPU
		{F7BE39D0-7A8D-4AD5-B976-C85AE5163CC7}.Android|Mixed Platforms.ActiveCfg = Android|Any CPU
		{F7BE39D0-7A8D-4AD5-B976-C85AE5163CC7}.Android|x86.ActiveCfg = Android|Any CPU
		{F7BE39D0-7A8D-4AD5-B976-C85AE5163CC7}.Debug|Any CPU.ActiveCfg = PSM|Any CPU
		{F7BE39D0-7A8D-4AD5-B976-C85AE5163CC7}.Debug|Mixed Platforms.ActiveCfg = PSM|Any CPU
		{F7BE39D0-7A8D-4AD5-B976-C85AE5163CC7}.Debug|x86.ActiveCfg = PSM|Any CPU
		{F7BE39D0-7A8D-4AD5-B976-C85AE5163CC7}.iOS|Any CPU.ActiveCfg = iOS|Any CPU
		{F7BE39D0-7A8D-4AD5-B976-C85AE5163CC7}.iOS|Mixed Platforms.ActiveCfg = iOS|Any CPU
		{F7BE39D0-7A8D-4AD5-B976-C85AE5163CC7}.iOS|x86.ActiveCfg = iOS|Any CPU
		{F7BE39D0-7A8D-4AD5-B976-C85AE5163CC7}.Linux|Any CPU.ActiveCfg = Linux|Any CPU
		{F7BE39D0-7A8D-4AD5-B976-C85AE5163CC7}.Linux|Mixed Platforms.ActiveCfg = Linux|Any CPU
		{F7BE39D0-7A8D-4AD5-B976-C85AE5163CC7}.Linux|x86.ActiveCfg = Linux|Any CPU
		{F7BE39D0-7A8D-4AD5-B976-C85AE5163CC7}.OSX|Any CPU.ActiveCfg = OSX|Any CPU
		{F7BE39D0-7A8D-4AD5-B976-C85AE5163CC7}.OSX|Mixed Platforms.ActiveCfg = OSX|Any CPU
		{F7BE39D0-7A8D-4AD5-B976-C85AE5163CC7}.OSX|x86.ActiveCfg = OSX|Any CPU
		{F7BE39D0-7A8D-4AD5-B976-C85AE5163CC7}.PSM|Any CPU.ActiveCfg = PSM|Any CPU
		{F7BE39D0-7A8D-4AD5-B976-C85AE5163CC7}.PSM|Mixed Platforms.ActiveCfg = PSM|Any CPU
		{F7BE39D0-7A8D-4AD5-B976-C85AE5163CC7}.PSM|x86.ActiveCfg = PSM|Any CPU
		{F7BE39D0-7A8D-4AD5-B976-C85AE5163CC7}.Release|Any CPU.ActiveCfg = PSM|Any CPU
		{F7BE39D0-7A8D-4AD5-B976-C85AE5163CC7}.Release|Mixed Platforms.ActiveCfg = PSM|Any CPU
		{F7BE39D0-7A8D-4AD5-B976-C85AE5163CC7}.Release|x86.ActiveCfg = PSM|Any CPU
		{F7BE39D0-7A8D-4AD5-B976-C85AE5163CC7}.Windows|Any CPU.ActiveCfg = Windows|Any CPU
		{F7BE39D0-7A8D-4AD5-B976-C85AE5163CC7}.Windows|Mixed Platforms.ActiveCfg = Windows|Any CPU
		{F7BE39D0-7A8D-4AD5-B976-C85AE5163CC7}.Windows|x86.ActiveCfg = Windows|Any CPU
		{F7BE39D0-7A8D-4AD5-B976-C85AE5163CC7}.Windows8|Any CPU.ActiveCfg = Windows8|Any CPU
		{F7BE39D0-7A8D-4AD5-B976-C85AE5163CC7}.Windows8|Mixed Platforms.ActiveCfg = Windows8|Any CPU
		{F7BE39D0-7A8D-4AD5-B976-C85AE5163CC7}.Windows8|x86.ActiveCfg = Windows8|Any CPU
	EndGlobalSection
	GlobalSection(SolutionProperties) = preSolution
		HideSolutionNode = FALSE
	EndGlobalSection
EndGlobal
